{
    "_readme": [
        "This file locks the dependencies of your project to a known state",
        "Read more about it at http://getcomposer.org/doc/01-basic-usage.md#composer-lock-the-lock-file",
        "This file is @generated automatically"
    ],
    "hash": "405f66b21be37dd3488b592a75ecbc03",
    "packages": [
        {
            "name": "guzzlehttp/guzzle",
            "version": "4.2.2",
            "source": {
                "type": "git",
                "url": "https://github.com/guzzle/guzzle.git",
                "reference": "9c4fbbf6457768f5036fbd88f1229f3fca812a5d"
            },
            "dist": {
                "type": "zip",
                "url": "https://api.github.com/repos/guzzle/guzzle/zipball/9c4fbbf6457768f5036fbd88f1229f3fca812a5d",
                "reference": "9c4fbbf6457768f5036fbd88f1229f3fca812a5d",
                "shasum": ""
            },
            "require": {
                "ext-json": "*",
                "guzzlehttp/streams": "~2.1",
                "php": ">=5.4.0"
            },
            "require-dev": {
                "ext-curl": "*",
                "phpunit/phpunit": "~4.0",
                "psr/log": "~1.0"
            },
            "suggest": {
                "ext-curl": "Guzzle will use specific adapters if cURL is present"
            },
            "type": "library",
            "extra": {
                "branch-alias": {
                    "dev-master": "4.2-dev"
                }
            },
            "autoload": {
                "psr-4": {
                    "GuzzleHttp\\": "src/"
                },
                "files": [
                    "src/functions.php"
                ]
            },
            "notification-url": "https://packagist.org/downloads/",
            "license": [
                "MIT"
            ],
            "authors": [
                {
                    "name": "Michael Dowling",
                    "email": "mtdowling@gmail.com",
                    "homepage": "https://github.com/mtdowling"
                }
            ],
            "description": "Guzzle is a PHP HTTP client library and framework for building RESTful web service clients",
            "homepage": "http://guzzlephp.org/",
            "keywords": [
                "client",
                "curl",
                "framework",
                "http",
                "http client",
                "rest",
                "web service"
            ],
            "time": "2014-09-08 22:11:58"
        },
        {
            "name": "guzzlehttp/streams",
            "version": "2.1.0",
            "source": {
                "type": "git",
                "url": "https://github.com/guzzle/streams.git",
                "reference": "f91b721d73f0e561410903b3b3c90a5d0e40b534"
            },
            "dist": {
                "type": "zip",
                "url": "https://api.github.com/repos/guzzle/streams/zipball/f91b721d73f0e561410903b3b3c90a5d0e40b534",
                "reference": "f91b721d73f0e561410903b3b3c90a5d0e40b534",
                "shasum": ""
            },
            "require": {
                "php": ">=5.4.0"
            },
            "require-dev": {
                "phpunit/phpunit": "~4.0"
            },
            "type": "library",
            "extra": {
                "branch-alias": {
                    "dev-master": "2.0-dev"
                }
            },
            "autoload": {
                "psr-4": {
                    "GuzzleHttp\\Stream\\": "src/"
                },
                "files": [
                    "src/functions.php"
                ]
            },
            "notification-url": "https://packagist.org/downloads/",
            "license": [
                "MIT"
            ],
            "authors": [
                {
                    "name": "Michael Dowling",
                    "email": "mtdowling@gmail.com",
                    "homepage": "https://github.com/mtdowling"
                }
            ],
            "description": "Provides a simple abstraction over streams of data (Guzzle 4+)",
            "homepage": "http://guzzlephp.org/",
            "keywords": [
                "Guzzle",
                "stream"
            ],
            "time": "2014-08-17 21:15:53"
        },
        {
            "name": "herrera-io/json",
            "version": "1.0.3",
            "source": {
                "type": "git",
                "url": "https://github.com/herrera-io/php-json.git",
                "reference": "60c696c9370a1e5136816ca557c17f82a6fa83f1"
            },
            "dist": {
                "type": "zip",
                "url": "https://api.github.com/repos/herrera-io/php-json/zipball/60c696c9370a1e5136816ca557c17f82a6fa83f1",
                "reference": "60c696c9370a1e5136816ca557c17f82a6fa83f1",
                "shasum": ""
            },
            "require": {
                "ext-json": "*",
                "justinrainbow/json-schema": ">=1.0,<2.0-dev",
                "php": ">=5.3.3",
                "seld/jsonlint": ">=1.0,<2.0-dev"
            },
            "require-dev": {
                "herrera-io/phpunit-test-case": "1.*",
                "mikey179/vfsstream": "1.1.0",
                "phpunit/phpunit": "3.7.*"
            },
            "type": "library",
            "extra": {
                "branch-alias": {
                    "dev-master": "1.0-dev"
                }
            },
            "autoload": {
                "files": [
                    "src/lib/json_version.php"
                ],
                "psr-0": {
                    "Herrera\\Json": "src/lib"
                }
            },
            "notification-url": "https://packagist.org/downloads/",
            "license": [
                "MIT"
            ],
            "authors": [
                {
                    "name": "Kevin Herrera",
                    "email": "kevin@herrera.io",
                    "homepage": "http://kevin.herrera.io/",
                    "role": "Developer"
                }
            ],
            "description": "A library for simplifying JSON linting and validation.",
            "homepage": "http://herrera-io.github.com/php-json",
            "keywords": [
                "json",
                "lint",
                "schema",
                "validate"
            ],
            "time": "2013-10-30 16:51:34"
        },
        {
            "name": "herrera-io/phar-update",
            "version": "2.0.0",
            "source": {
                "type": "git",
                "url": "https://github.com/herrera-io/php-phar-update.git",
                "reference": "15643c90d3d43620a4f45c910e6afb7a0ad4b488"
            },
            "dist": {
                "type": "zip",
                "url": "https://api.github.com/repos/herrera-io/php-phar-update/zipball/15643c90d3d43620a4f45c910e6afb7a0ad4b488",
                "reference": "15643c90d3d43620a4f45c910e6afb7a0ad4b488",
                "shasum": ""
            },
            "require": {
                "herrera-io/json": "1.*",
                "herrera-io/version": "1.*",
                "php": ">=5.3.3"
            },
            "require-dev": {
                "herrera-io/phpunit-test-case": "1.*",
                "mikey179/vfsstream": "1.1.0",
                "phpunit/phpunit": "3.7.*"
            },
            "type": "library",
            "extra": {
                "branch-alias": {
                    "dev-master": "2.0-dev"
                }
            },
            "autoload": {
                "files": [
                    "src/lib/constants.php"
                ],
                "psr-0": {
                    "Herrera\\Phar\\Update": "src/lib"
                }
            },
            "notification-url": "https://packagist.org/downloads/",
            "license": [
                "MIT"
            ],
            "authors": [
                {
                    "name": "Kevin Herrera",
                    "email": "kevin@herrera.io",
                    "homepage": "http://kevin.herrera.io/",
                    "role": "Developer"
                }
            ],
            "description": "A library for self-updating Phars.",
            "homepage": "http://herrera-io.github.com/php-phar-update",
            "keywords": [
                "phar",
                "update"
            ],
            "time": "2013-11-09 17:13:13"
        },
        {
            "name": "herrera-io/version",
            "version": "1.1.1",
            "source": {
                "type": "git",
                "url": "https://github.com/herrera-io/php-version.git",
                "reference": "d39d9642b92a04d8b8a28b871b797a35a2545e85"
            },
            "dist": {
                "type": "zip",
                "url": "https://api.github.com/repos/herrera-io/php-version/zipball/d39d9642b92a04d8b8a28b871b797a35a2545e85",
                "reference": "d39d9642b92a04d8b8a28b871b797a35a2545e85",
                "shasum": ""
            },
            "require": {
                "php": ">=5.3.3"
            },
            "require-dev": {
                "herrera-io/phpunit-test-case": "1.*",
                "phpunit/phpunit": "3.7.*"
            },
            "type": "library",
            "extra": {
                "branch-alias": {
                    "dev-master": "1.1.x-dev"
                }
            },
            "autoload": {
                "psr-0": {
                    "Herrera\\Version": "src/lib"
                }
            },
            "notification-url": "https://packagist.org/downloads/",
            "license": [
                "MIT"
            ],
            "authors": [
                {
                    "name": "Kevin Herrera",
                    "email": "kevin@herrera.io",
                    "homepage": "http://kevin.herrera.io/",
                    "role": "Developer"
                }
            ],
            "description": "A library for creating, editing, and comparing semantic versioning numbers.",
            "homepage": "http://github.com/herrera-io/php-version",
            "keywords": [
                "semantic",
                "version"
            ],
            "time": "2014-05-27 05:29:25"
        },
        {
            "name": "justinrainbow/json-schema",
            "version": "1.3.7",
            "source": {
                "type": "git",
                "url": "https://github.com/justinrainbow/json-schema.git",
                "reference": "87b54b460febed69726c781ab67462084e97a105"
            },
            "dist": {
                "type": "zip",
                "url": "https://api.github.com/repos/justinrainbow/json-schema/zipball/87b54b460febed69726c781ab67462084e97a105",
                "reference": "87b54b460febed69726c781ab67462084e97a105",
                "shasum": ""
            },
            "require": {
                "php": ">=5.3.0"
            },
            "require-dev": {
                "json-schema/json-schema-test-suite": "1.1.0",
                "phpdocumentor/phpdocumentor": "~2",
                "phpunit/phpunit": "~3.7"
            },
            "bin": [
                "bin/validate-json"
            ],
            "type": "library",
            "extra": {
                "branch-alias": {
                    "dev-master": "1.4.x-dev"
                }
            },
            "autoload": {
                "psr-0": {
                    "JsonSchema": "src/"
                }
            },
            "notification-url": "https://packagist.org/downloads/",
            "license": [
                "BSD-3-Clause"
            ],
            "authors": [
                {
                    "name": "Bruno Prieto Reis",
                    "email": "bruno.p.reis@gmail.com"
                },
                {
                    "name": "Justin Rainbow",
                    "email": "justin.rainbow@gmail.com"
                },
                {
                    "name": "Igor Wiedler",
                    "email": "igor@wiedler.ch"
                },
                {
                    "name": "Robert Schönthal",
                    "email": "seroscho@googlemail.com"
                }
            ],
            "description": "A library to validate a json schema.",
            "homepage": "https://github.com/justinrainbow/json-schema",
            "keywords": [
                "json",
                "schema"
            ],
            "time": "2014-08-25 02:48:14"
        },
        {
            "name": "kherge/amend",
            "version": "3.0.4",
            "source": {
                "type": "git",
                "url": "https://github.com/box-project/amend.git",
                "reference": "16cc7665e847d09cc9ccadec546a2de05c40e8f4"
            },
            "dist": {
                "type": "zip",
                "url": "https://api.github.com/repos/box-project/amend/zipball/16cc7665e847d09cc9ccadec546a2de05c40e8f4",
                "reference": "16cc7665e847d09cc9ccadec546a2de05c40e8f4",
                "shasum": ""
            },
            "require": {
                "herrera-io/phar-update": "~2.0",
                "php": ">=5.3.3",
                "symfony/console": "~2.1"
            },
            "require-dev": {
                "herrera-io/box": "~1.0",
                "herrera-io/phpunit-test-case": "1.*",
                "phpunit/phpunit": "3.7.*"
            },
            "type": "library",
            "extra": {
                "branch-alias": {
                    "dev-master": "3.0-dev"
                }
            },
            "autoload": {
                "psr-0": {
                    "KevinGH\\Amend": "src/lib"
                }
            },
            "notification-url": "https://packagist.org/downloads/",
            "license": [
                "MIT"
            ],
            "authors": [
                {
                    "name": "Kevin Herrera",
                    "email": "kevin@herrera.io",
                    "homepage": "http://kevin.herrera.io"
                }
            ],
            "description": "Integrates Phar Update to Symfony Console.",
            "homepage": "http://github.com/box-project/amend",
            "keywords": [
                "console",
                "phar",
                "update"
            ],
            "time": "2014-11-05 15:29:01"
        },
        {
            "name": "openl10n/sdk",
            "version": "v0.1",
            "source": {
                "type": "git",
                "url": "https://github.com/openl10n/openl10n-sdk.git",
                "reference": "2c6ecb26542e6b502e613555006d61a0a4d3ebea"
            },
            "dist": {
                "type": "zip",
                "url": "https://api.github.com/repos/openl10n/openl10n-sdk/zipball/2c6ecb26542e6b502e613555006d61a0a4d3ebea",
                "reference": "2c6ecb26542e6b502e613555006d61a0a4d3ebea",
                "shasum": ""
            },
            "require": {
                "guzzlehttp/guzzle": "~4.0"
            },
            "type": "library",
            "autoload": {
                "psr-0": {
                    "Openl10n\\Sdk": "src"
                }
            },
            "notification-url": "https://packagist.org/downloads/",
            "license": [
                "MIT"
            ],
            "authors": [
                {
                    "name": "Matthieu Moquet",
                    "email": "matthieu@moquet.net",
                    "homepage": "http://moquet.net"
                }
            ],
            "description": "The API client for openl10n",
            "time": "2014-09-12 20:28:16"
        },
        {
            "name": "seld/jsonlint",
            "version": "1.3.0",
            "source": {
                "type": "git",
                "url": "https://github.com/Seldaek/jsonlint.git",
                "reference": "a7bc2ec9520ad15382292591b617c43bdb1fec35"
            },
            "dist": {
                "type": "zip",
                "url": "https://api.github.com/repos/Seldaek/jsonlint/zipball/a7bc2ec9520ad15382292591b617c43bdb1fec35",
                "reference": "a7bc2ec9520ad15382292591b617c43bdb1fec35",
                "shasum": ""
            },
            "require": {
                "php": ">=5.3.0"
            },
            "bin": [
                "bin/jsonlint"
            ],
            "type": "library",
            "autoload": {
                "psr-4": {
                    "Seld\\JsonLint\\": "src/Seld/JsonLint/"
                }
            },
            "notification-url": "https://packagist.org/downloads/",
            "license": [
                "MIT"
            ],
            "authors": [
                {
                    "name": "Jordi Boggiano",
                    "email": "j.boggiano@seld.be",
                    "homepage": "http://seld.be"
                }
            ],
            "description": "JSON Linter",
            "keywords": [
                "json",
                "linter",
                "parser",
                "validator"
            ],
            "time": "2014-09-05 15:36:20"
        },
        {
            "name": "symfony/config",
            "version": "v2.5.4",
            "target-dir": "Symfony/Component/Config",
            "source": {
                "type": "git",
                "url": "https://github.com/symfony/Config.git",
                "reference": "080eabdc256c1d7a3a7cf6296271edb68eb1ab2b"
            },
            "dist": {
                "type": "zip",
                "url": "https://api.github.com/repos/symfony/Config/zipball/080eabdc256c1d7a3a7cf6296271edb68eb1ab2b",
                "reference": "080eabdc256c1d7a3a7cf6296271edb68eb1ab2b",
                "shasum": ""
            },
            "require": {
                "php": ">=5.3.3",
                "symfony/filesystem": "~2.3"
            },
            "type": "library",
            "extra": {
                "branch-alias": {
                    "dev-master": "2.5-dev"
                }
            },
            "autoload": {
                "psr-0": {
                    "Symfony\\Component\\Config\\": ""
                }
            },
            "notification-url": "https://packagist.org/downloads/",
            "license": [
                "MIT"
            ],
            "authors": [
                {
                    "name": "Symfony Community",
                    "homepage": "http://symfony.com/contributors"
                },
                {
                    "name": "Fabien Potencier",
                    "email": "fabien@symfony.com"
                }
            ],
            "description": "Symfony Config Component",
            "homepage": "http://symfony.com",
            "time": "2014-08-31 03:22:04"
        },
        {
            "name": "symfony/console",
            "version": "v2.5.4",
            "target-dir": "Symfony/Component/Console",
            "source": {
                "type": "git",
                "url": "https://github.com/symfony/Console.git",
                "reference": "748beed2a1e73179c3f5154d33fe6ae100c1aeb1"
            },
            "dist": {
                "type": "zip",
                "url": "https://api.github.com/repos/symfony/Console/zipball/748beed2a1e73179c3f5154d33fe6ae100c1aeb1",
                "reference": "748beed2a1e73179c3f5154d33fe6ae100c1aeb1",
                "shasum": ""
            },
            "require": {
                "php": ">=5.3.3"
            },
            "require-dev": {
                "psr/log": "~1.0",
                "symfony/event-dispatcher": "~2.1"
            },
            "suggest": {
                "psr/log": "For using the console logger",
                "symfony/event-dispatcher": ""
            },
            "type": "library",
            "extra": {
                "branch-alias": {
                    "dev-master": "2.5-dev"
                }
            },
            "autoload": {
                "psr-0": {
                    "Symfony\\Component\\Console\\": ""
                }
            },
            "notification-url": "https://packagist.org/downloads/",
            "license": [
                "MIT"
            ],
            "authors": [
                {
                    "name": "Symfony Community",
                    "homepage": "http://symfony.com/contributors"
                },
                {
                    "name": "Fabien Potencier",
                    "email": "fabien@symfony.com"
                }
            ],
            "description": "Symfony Console Component",
            "homepage": "http://symfony.com",
            "time": "2014-08-14 16:10:54"
        },
        {
            "name": "symfony/dependency-injection",
            "version": "v2.5.4",
            "target-dir": "Symfony/Component/DependencyInjection",
            "source": {
                "type": "git",
                "url": "https://github.com/symfony/DependencyInjection.git",
                "reference": "dcfdfbfdab2dc5bf00e5274719126a3079c6d02c"
            },
            "dist": {
                "type": "zip",
                "url": "https://api.github.com/repos/symfony/DependencyInjection/zipball/dcfdfbfdab2dc5bf00e5274719126a3079c6d02c",
                "reference": "dcfdfbfdab2dc5bf00e5274719126a3079c6d02c",
                "shasum": ""
            },
            "require": {
                "php": ">=5.3.3"
            },
            "require-dev": {
                "symfony/config": "~2.2",
                "symfony/expression-language": "~2.4",
                "symfony/yaml": "~2.0"
            },
            "suggest": {
                "symfony/config": "",
                "symfony/proxy-manager-bridge": "Generate service proxies to lazy load them",
                "symfony/yaml": ""
            },
            "type": "library",
            "extra": {
                "branch-alias": {
                    "dev-master": "2.5-dev"
                }
            },
            "autoload": {
                "psr-0": {
                    "Symfony\\Component\\DependencyInjection\\": ""
                }
            },
            "notification-url": "https://packagist.org/downloads/",
            "license": [
                "MIT"
            ],
            "authors": [
                {
                    "name": "Symfony Community",
                    "homepage": "http://symfony.com/contributors"
                },
                {
                    "name": "Fabien Potencier",
                    "email": "fabien@symfony.com"
                }
            ],
            "description": "Symfony DependencyInjection Component",
            "homepage": "http://symfony.com",
            "time": "2014-08-31 03:22:04"
        },
        {
            "name": "symfony/event-dispatcher",
            "version": "v2.5.4",
            "target-dir": "Symfony/Component/EventDispatcher",
            "source": {
                "type": "git",
                "url": "https://github.com/symfony/EventDispatcher.git",
                "reference": "8faf5cc7e80fde74a650a36e60d32ce3c3e0457b"
            },
            "dist": {
                "type": "zip",
                "url": "https://api.github.com/repos/symfony/EventDispatcher/zipball/8faf5cc7e80fde74a650a36e60d32ce3c3e0457b",
                "reference": "8faf5cc7e80fde74a650a36e60d32ce3c3e0457b",
                "shasum": ""
            },
            "require": {
                "php": ">=5.3.3"
            },
            "require-dev": {
                "psr/log": "~1.0",
                "symfony/config": "~2.0",
                "symfony/dependency-injection": "~2.0",
                "symfony/stopwatch": "~2.2"
            },
            "suggest": {
                "symfony/dependency-injection": "",
                "symfony/http-kernel": ""
            },
            "type": "library",
            "extra": {
                "branch-alias": {
                    "dev-master": "2.5-dev"
                }
            },
            "autoload": {
                "psr-0": {
                    "Symfony\\Component\\EventDispatcher\\": ""
                }
            },
            "notification-url": "https://packagist.org/downloads/",
            "license": [
                "MIT"
            ],
            "authors": [
                {
                    "name": "Symfony Community",
                    "homepage": "http://symfony.com/contributors"
                },
                {
                    "name": "Fabien Potencier",
                    "email": "fabien@symfony.com"
                }
            ],
            "description": "Symfony EventDispatcher Component",
            "homepage": "http://symfony.com",
            "time": "2014-07-28 13:20:46"
        },
        {
            "name": "symfony/filesystem",
            "version": "v2.5.4",
            "target-dir": "Symfony/Component/Filesystem",
            "source": {
                "type": "git",
                "url": "https://github.com/symfony/Filesystem.git",
                "reference": "a765efd199e02ff4001c115c318e219030be9364"
            },
            "dist": {
                "type": "zip",
                "url": "https://api.github.com/repos/symfony/Filesystem/zipball/a765efd199e02ff4001c115c318e219030be9364",
                "reference": "a765efd199e02ff4001c115c318e219030be9364",
                "shasum": ""
            },
            "require": {
                "php": ">=5.3.3"
            },
            "type": "library",
            "extra": {
                "branch-alias": {
                    "dev-master": "2.5-dev"
                }
            },
            "autoload": {
                "psr-0": {
                    "Symfony\\Component\\Filesystem\\": ""
                }
            },
            "notification-url": "https://packagist.org/downloads/",
            "license": [
                "MIT"
            ],
            "authors": [
                {
                    "name": "Symfony Community",
                    "homepage": "http://symfony.com/contributors"
                },
                {
                    "name": "Fabien Potencier",
                    "email": "fabien@symfony.com"
                }
            ],
            "description": "Symfony Filesystem Component",
            "homepage": "http://symfony.com",
            "time": "2014-09-03 09:00:14"
        },
        {
            "name": "symfony/finder",
            "version": "v2.5.4",
            "target-dir": "Symfony/Component/Finder",
            "source": {
                "type": "git",
                "url": "https://github.com/symfony/Finder.git",
                "reference": "f40854d1a19c339c7f969f8f6d6d6e9153311c4c"
            },
            "dist": {
                "type": "zip",
                "url": "https://api.github.com/repos/symfony/Finder/zipball/f40854d1a19c339c7f969f8f6d6d6e9153311c4c",
                "reference": "f40854d1a19c339c7f969f8f6d6d6e9153311c4c",
                "shasum": ""
            },
            "require": {
                "php": ">=5.3.3"
            },
            "type": "library",
            "extra": {
                "branch-alias": {
                    "dev-master": "2.5-dev"
                }
            },
            "autoload": {
                "psr-0": {
                    "Symfony\\Component\\Finder\\": ""
                }
            },
            "notification-url": "https://packagist.org/downloads/",
            "license": [
                "MIT"
            ],
            "authors": [
                {
                    "name": "Symfony Community",
                    "homepage": "http://symfony.com/contributors"
                },
                {
                    "name": "Fabien Potencier",
                    "email": "fabien@symfony.com"
                }
            ],
            "description": "Symfony Finder Component",
            "homepage": "http://symfony.com",
            "time": "2014-09-03 09:00:14"
        },
        {
            "name": "symfony/yaml",
            "version": "v2.5.4",
            "target-dir": "Symfony/Component/Yaml",
            "source": {
                "type": "git",
                "url": "https://github.com/symfony/Yaml.git",
                "reference": "01a7695bcfb013d0a15c6757e15aae120342986f"
            },
            "dist": {
                "type": "zip",
                "url": "https://api.github.com/repos/symfony/Yaml/zipball/01a7695bcfb013d0a15c6757e15aae120342986f",
                "reference": "01a7695bcfb013d0a15c6757e15aae120342986f",
                "shasum": ""
            },
            "require": {
                "php": ">=5.3.3"
            },
            "type": "library",
            "extra": {
                "branch-alias": {
                    "dev-master": "2.5-dev"
                }
            },
            "autoload": {
                "psr-0": {
                    "Symfony\\Component\\Yaml\\": ""
                }
            },
            "notification-url": "https://packagist.org/downloads/",
            "license": [
                "MIT"
            ],
            "authors": [
                {
                    "name": "Symfony Community",
                    "homepage": "http://symfony.com/contributors"
                },
                {
                    "name": "Fabien Potencier",
                    "email": "fabien@symfony.com"
                }
            ],
            "description": "Symfony Yaml Component",
            "homepage": "http://symfony.com",
            "time": "2014-08-31 03:22:04"
        }
    ],
    "packages-dev": [],
    "aliases": [],
    "minimum-stability": "stable",
    "stability-flags": [],
    "prefer-stable": false,
    "platform": {
        "php": ">=5.4"
    },
    "platform-dev": []
}
